// !$*UTF8*$!
{
	archiveVersion = 1;
	classes = {
	};
	objectVersion = 50;
	objects = {

/* Begin PBXBuildFile section */
		2001B15A20A0E64C00665365 /* Actor.swift in Sources */ = {isa = PBXBuildFile; fileRef = 2001B15920A0E64C00665365 /* Actor.swift */; };
		204EF824209B597600811E4C /* AppDelegate.swift in Sources */ = {isa = PBXBuildFile; fileRef = 204EF823209B597600811E4C /* AppDelegate.swift */; };
		204EF826209B597600811E4C /* GameViewController.swift in Sources */ = {isa = PBXBuildFile; fileRef = 204EF825209B597600811E4C /* GameViewController.swift */; };
		204EF829209B597600811E4C /* Main.storyboard in Resources */ = {isa = PBXBuildFile; fileRef = 204EF827209B597600811E4C /* Main.storyboard */; };
		204EF82B209B597700811E4C /* Assets.xcassets in Resources */ = {isa = PBXBuildFile; fileRef = 204EF82A209B597700811E4C /* Assets.xcassets */; };
		204EF82E209B597800811E4C /* LaunchScreen.storyboard in Resources */ = {isa = PBXBuildFile; fileRef = 204EF82C209B597800811E4C /* LaunchScreen.storyboard */; };
		204EF838209B60AA00811E4C /* Spaceship.swift in Sources */ = {isa = PBXBuildFile; fileRef = 204EF837209B60AA00811E4C /* Spaceship.swift */; };
/* End PBXBuildFile section */

/* Begin PBXFileReference section */
		2001B15920A0E64C00665365 /* Actor.swift */ = {isa = PBXFileReference; lastKnownFileType = sourcecode.swift; path = Actor.swift; sourceTree = "<group>"; };
		204EF820209B597600811E4C /* M08_UF3_Practica_BMerelo_NOrdonez.app */ = {isa = PBXFileReference; explicitFileType = wrapper.application; includeInIndex = 0; path = M08_UF3_Practica_BMerelo_NOrdonez.app; sourceTree = BUILT_PRODUCTS_DIR; };
		204EF823209B597600811E4C /* AppDelegate.swift */ = {isa = PBXFileReference; lastKnownFileType = sourcecode.swift; path = AppDelegate.swift; sourceTree = "<group>"; };
		204EF825209B597600811E4C /* GameViewController.swift */ = {isa = PBXFileReference; lastKnownFileType = sourcecode.swift; path = GameViewController.swift; sourceTree = "<group>"; };
		204EF828209B597600811E4C /* Base */ = {isa = PBXFileReference; lastKnownFileType = file.storyboard; name = Base; path = Base.lproj/Main.storyboard; sourceTree = "<group>"; };
		204EF82A209B597700811E4C /* Assets.xcassets */ = {isa = PBXFileReference; lastKnownFileType = folder.assetcatalog; path = Assets.xcassets; sourceTree = "<group>"; };
		204EF82D209B597800811E4C /* Base */ = {isa = PBXFileReference; lastKnownFileType = file.storyboard; name = Base; path = Base.lproj/LaunchScreen.storyboard; sourceTree = "<group>"; };
		204EF82F209B597800811E4C /* Info.plist */ = {isa = PBXFileReference; lastKnownFileType = text.plist.xml; path = Info.plist; sourceTree = "<group>"; };
		204EF837209B60AA00811E4C /* Spaceship.swift */ = {isa = PBXFileReference; lastKnownFileType = sourcecode.swift; path = Spaceship.swift; sourceTree = "<group>"; };
/* End PBXFileReference section */

/* Begin PBXFrameworksBuildPhase section */
		204EF81D209B597600811E4C /* Frameworks */ = {
			isa = PBXFrameworksBuildPhase;
			buildActionMask = 2147483647;
			files = (
			);
			runOnlyForDeploymentPostprocessing = 0;
		};
/* End PBXFrameworksBuildPhase section */

/* Begin PBXGroup section */
		204EF817209B597600811E4C = {
			isa = PBXGroup;
			children = (
				204EF822209B597600811E4C /* M08_UF3_Practica_BMerelo_NOrdonez */,
				204EF821209B597600811E4C /* Products */,
			);
			sourceTree = "<group>";
		};
		204EF821209B597600811E4C /* Products */ = {
			isa = PBXGroup;
			children = (
				204EF820209B597600811E4C /* M08_UF3_Practica_BMerelo_NOrdonez.app */,
			);
			name = Products;
			sourceTree = "<group>";
		};
		204EF822209B597600811E4C /* M08_UF3_Practica_BMerelo_NOrdonez */ = {
			isa = PBXGroup;
			children = (
				204EF836209B5FE800811E4C /* Models */,
				204EF835209B5FD200811E4C /* Controllers */,
				204EF823209B597600811E4C /* AppDelegate.swift */,
				204EF825209B597600811E4C /* GameViewController.swift */,
				204EF827209B597600811E4C /* Main.storyboard */,
				204EF82A209B597700811E4C /* Assets.xcassets */,
				204EF82C209B597800811E4C /* LaunchScreen.storyboard */,
				204EF82F209B597800811E4C /* Info.plist */,
			);
			path = M08_UF3_Practica_BMerelo_NOrdonez;
			sourceTree = "<group>";
		};
		204EF835209B5FD200811E4C /* Controllers */ = {
			isa = PBXGroup;
			children = (
			);
			path = Controllers;
			sourceTree = "<group>";
		};
		204EF836209B5FE800811E4C /* Models */ = {
			isa = PBXGroup;
			children = (
				204EF837209B60AA00811E4C /* Spaceship.swift */,
				2001B15920A0E64C00665365 /* Actor.swift */,
			);
			path = Models;
			sourceTree = "<group>";
		};
/* End PBXGroup section */

/* Begin PBXNativeTarget section */
		204EF81F209B597600811E4C /* M08_UF3_Practica_BMerelo_NOrdonez */ = {
			isa = PBXNativeTarget;
			buildConfigurationList = 204EF832209B597800811E4C /* Build configuration list for PBXNativeTarget "M08_UF3_Practica_BMerelo_NOrdonez" */;
			buildPhases = (
				204EF81C209B597600811E4C /* Sources */,
				204EF81D209B597600811E4C /* Frameworks */,
				204EF81E209B597600811E4C /* Resources */,
			);
			buildRules = (
			);
			dependencies = (
			);
			name = M08_UF3_Practica_BMerelo_NOrdonez;
			productName = M08_UF3_Practica_BMerelo_NOrdonez;
			productReference = 204EF820209B597600811E4C /* M08_UF3_Practica_BMerelo_NOrdonez.app */;
			productType = "com.apple.product-type.application";
		};
/* End PBXNativeTarget section */

/* Begin PBXProject section */
		204EF818209B597600811E4C /* Project object */ = {
			isa = PBXProject;
			attributes = {
				LastSwiftUpdateCheck = 0930;
				LastUpgradeCheck = 0930;
				ORGANIZATIONNAME = "Nil Ordoñez";
				TargetAttributes = {
					204EF81F209B597600811E4C = {
						CreatedOnToolsVersion = 9.3;
					};
				};
			};
			buildConfigurationList = 204EF81B209B597600811E4C /* Build configuration list for PBXProject "M08_UF3_Practica_BMerelo_NOrdonez" */;
			compatibilityVersion = "Xcode 9.3";
			developmentRegion = en;
			hasScannedForEncodings = 0;
			knownRegions = (
				en,
				Base,
			);
			mainGroup = 204EF817209B597600811E4C;
			productRefGroup = 204EF821209B597600811E4C /* Products */;
			projectDirPath = "";
			projectRoot = "";
			targets = (
				204EF81F209B597600811E4C /* M08_UF3_Practica_BMerelo_NOrdonez */,
			);
		};
/* End PBXProject section */

/* Begin PBXResourcesBuildPhase section */
		204EF81E209B597600811E4C /* Resources */ = {
			isa = PBXResourcesBuildPhase;
			buildActionMask = 2147483647;
			files = (
				204EF82E209B597800811E4C /* LaunchScreen.storyboard in Resources */,
				204EF82B209B597700811E4C /* Assets.xcassets in Resources */,
				204EF829209B597600811E4C /* Main.storyboard in Resources */,
			);
			runOnlyForDeploymentPostprocessing = 0;
		};
/* End PBXResourcesBuildPhase section */

/* Begin PBXSourcesBuildPhase section */
		204EF81C209B597600811E4C /* Sources */ = {
			isa = PBXSourcesBuildPhase;
			buildActionMask = 2147483647;
			files = (
				204EF838209B60AA00811E4C /* Spaceship.swift in Sources */,
				204EF826209B597600811E4C /* GameViewController.swift in Sources */,
				204EF824209B597600811E4C /* AppDelegate.swift in Sources */,
				2001B15A20A0E64C00665365 /* Actor.swift in Sources */,
			);
			runOnlyForDeploymentPostprocessing = 0;
		};
/* End PBXSourcesBuildPhase section */

/* Begin PBXVariantGroup section */
		204EF827209B597600811E4C /* Main.storyboard */ = {
			isa = PBXVariantGroup;
			children = (
				204EF828209B597600811E4C /* Base */,
			);
			name = Main.storyboard;
			sourceTree = "<group>";
		};
		204EF82C209B597800811E4C /* LaunchScreen.storyboard */ = {
			isa = PBXVariantGroup;
			children = (
				204EF82D209B597800811E4C /* Base */,
			);
			name = LaunchScreen.storyboard;
			sourceTree = "<group>";
		};
/* End PBXVariantGroup section */

/* Begin XCBuildConfiguration section */
		204EF830209B597800811E4C /* Debug */ = {
			isa = XCBuildConfiguration;
			buildSettings = {
				ALWAYS_SEARCH_USER_PATHS = NO;
				CLANG_ANALYZER_NONNULL = YES;
				CLANG_ANALYZER_NUMBER_OBJECT_CONVERSION = YES_AGGRESSIVE;
				CLANG_CXX_LANGUAGE_STANDARD = "gnu++14";
				CLANG_CXX_LIBRARY = "libc++";
				CLANG_ENABLE_MODULES = YES;
				CLANG_ENABLE_OBJC_ARC = YES;
				CLANG_ENABLE_OBJC_WEAK = YES;
				CLANG_WARN_BLOCK_CAPTURE_AUTORELEASING = YES;
				CLANG_WARN_BOOL_CONVERSION = YES;
				CLANG_WARN_COMMA = YES;
				CLANG_WARN_CONSTANT_CONVERSION = YES;
				CLANG_WARN_DEPRECATED_OBJC_IMPLEMENTATIONS = YES;
				CLANG_WARN_DIRECT_OBJC_ISA_USAGE = YES_ERROR;
				CLANG_WARN_DOCUMENTATION_COMMENTS = YES;
				CLANG_WARN_EMPTY_BODY = YES;
				CLANG_WARN_ENUM_CONVERSION = YES;
				CLANG_WARN_INFINITE_RECURSION = YES;
				CLANG_WARN_INT_CONVERSION = YES;
				CLANG_WARN_NON_LITERAL_NULL_CONVERSION = YES;
				CLANG_WARN_OBJC_IMPLICIT_RETAIN_SELF = YES;
				CLANG_WARN_OBJC_LITERAL_CONVERSION = YES;
				CLANG_WARN_OBJC_ROOT_CLASS = YES_ERROR;
				CLANG_WARN_RANGE_LOOP_ANALYSIS = YES;
				CLANG_WARN_STRICT_PROTOTYPES = YES;
				CLANG_WARN_SUSPICIOUS_MOVE = YES;
				CLANG_WARN_UNGUARDED_AVAILABILITY = YES_AGGRESSIVE;
				CLANG_WARN_UNREACHABLE_CODE = YES;
				CLANG_WARN__DUPLICATE_METHOD_MATCH = YES;
				CODE_SIGN_IDENTITY = "iPhone Developer";
				COPY_PHASE_STRIP = NO;
				DEBUG_INFORMATION_FORMAT = dwarf;
				ENABLE_STRICT_OBJC_MSGSEND = YES;
				ENABLE_TESTABILITY = YES;
				GCC_C_LANGUAGE_STANDARD = gnu11;
				GCC_DYNAMIC_NO_PIC = NO;
				GCC_NO_COMMON_BLOCKS = YES;
				GCC_OPTIMIZATION_LEVEL = 0;
				GCC_PREPROCESSOR_DEFINITIONS = (
					"DEBUG=1",
					"$(inherited)",
				);
				GCC_WARN_64_TO_32_BIT_CONVERSION = YES;
				GCC_WARN_ABOUT_RETURN_TYPE = YES_ERROR;
				GCC_WARN_UNDECLARED_SELECTOR = YES;
				GCC_WARN_UNINITIALIZED_AUTOS = YES_AGGRESSIVE;
				GCC_WARN_UNUSED_FUNCTION = YES;
				GCC_WARN_UNUSED_VARIABLE = YES;
				IPHONEOS_DEPLOYMENT_TARGET = 11.3;
				MTL_ENABLE_DEBUG_INFO = YES;
				ONLY_ACTIVE_ARCH = YES;
				SDKROOT = iphoneos;
				SWIFT_ACTIVE_COMPILATION_CONDITIONS = DEBUG;
				SWIFT_OPTIMIZATION_LEVEL = "-Onone";
			};
			name = Debug;
		};
		204EF831209B597800811E4C /* Release */ = {
			isa = XCBuildConfiguration;
			buildSettings = {
				ALWAYS_SEARCH_USER_PATHS = NO;
				CLANG_ANALYZER_NONNULL = YES;
				CLANG_ANALYZER_NUMBER_OBJECT_CONVERSION = YES_AGGRESSIVE;
				CLANG_CXX_LANGUAGE_STANDARD = "gnu++14";
				CLANG_CXX_LIBRARY = "libc++";
				CLANG_ENABLE_MODULES = YES;
				CLANG_ENABLE_OBJC_ARC = YES;
				CLANG_ENABLE_OBJC_WEAK = YES;
				CLANG_WARN_BLOCK_CAPTURE_AUTORELEASING = YES;
				CLANG_WARN_BOOL_CONVERSION = YES;
				CLANG_WARN_COMMA = YES;
				CLANG_WARN_CONSTANT_CONVERSION = YES;
				CLANG_WARN_DEPRECATED_OBJC_IMPLEMENTATIONS = YES;
				CLANG_WARN_DIRECT_OBJC_ISA_USAGE = YES_ERROR;
				CLANG_WARN_DOCUMENTATION_COMMENTS = YES;
				CLANG_WARN_EMPTY_BODY = YES;
				CLANG_WARN_ENUM_CONVERSION = YES;
				CLANG_WARN_INFINITE_RECURSION = YES;
				CLANG_WARN_INT_CONVERSION = YES;
				CLANG_WARN_NON_LITERAL_NULL_CONVERSION = YES;
				CLANG_WARN_OBJC_IMPLICIT_RETAIN_SELF = YES;
				CLANG_WARN_OBJC_LITERAL_CONVERSION = YES;
				CLANG_WARN_OBJC_ROOT_CLASS = YES_ERROR;
				CLANG_WARN_RANGE_LOOP_ANALYSIS = YES;
				CLANG_WARN_STRICT_PROTOTYPES = YES;
				CLANG_WARN_SUSPICIOUS_MOVE = YES;
				CLANG_WARN_UNGUARDED_AVAILABILITY = YES_AGGRESSIVE;
				CLANG_WARN_UNREACHABLE_CODE = YES;
				CLANG_WARN__DUPLICATE_METHOD_MATCH = YES;
				CODE_SIGN_IDENTITY = "iPhone Developer";
				COPY_PHASE_STRIP = NO;
				DEBUG_INFORMATION_FORMAT = "dwarf-with-dsym";
				ENABLE_NS_ASSERTIONS = NO;
				ENABLE_STRICT_OBJC_MSGSEND = YES;
				GCC_C_LANGUAGE_STANDARD = gnu11;
				GCC_NO_COMMON_BLOCKS = YES;
				GCC_WARN_64_TO_32_BIT_CONVERSION = YES;
				GCC_WARN_ABOUT_RETURN_TYPE = YES_ERROR;
				GCC_WARN_UNDECLARED_SELECTOR = YES;
				GCC_WARN_UNINITIALIZED_AUTOS = YES_AGGRESSIVE;
				GCC_WARN_UNUSED_FUNCTION = YES;
				GCC_WARN_UNUSED_VARIABLE = YES;
				IPHONEOS_DEPLOYMENT_TARGET = 11.3;
				MTL_ENABLE_DEBUG_INFO = NO;
				SDKROOT = iphoneos;
				SWIFT_COMPILATION_MODE = wholemodule;
				SWIFT_OPTIMIZATION_LEVEL = "-O";
				VALIDATE_PRODUCT = YES;
			};
			name = Release;
		};
		204EF833209B597800811E4C /* Debug */ = {
			isa = XCBuildConfiguration;
			buildSettings = {
				ASSETCATALOG_COMPILER_APPICON_NAME = AppIcon;
				CODE_SIGN_STYLE = Automatic;
				DEVELOPMENT_TEAM = 682M3Q3VJB;
				INFOPLIST_FILE = M08_UF3_Practica_BMerelo_NOrdonez/Info.plist;
				LD_RUNPATH_SEARCH_PATHS = (
					"$(inherited)",
					"@executable_path/Frameworks",
				);
				PRODUCT_BUNDLE_IDENTIFIER = "me.nilordonez.M08-UF3-Practica-BMerelo-NOrdonez";
				PRODUCT_NAME = "$(TARGET_NAME)";
				SWIFT_VERSION = 4.0;
				TARGETED_DEVICE_FAMILY = "1,2";
			};
			name = Debug;
		};
		204EF834209B597800811E4C /* Release */ = {
			isa = XCBuildConfiguration;
			buildSettings = {
				ASSETCATALOG_COMPILER_APPICON_NAME = AppIcon;
				CODE_SIGN_STYLE = Automatic;
				DEVELOPMENT_TEAM = 682M3Q3VJB;
				INFOPLIST_FILE = M08_UF3_Practica_BMerelo_NOrdonez/Info.plist;
				LD_RUNPATH_SEARCH_PATHS = (
					"$(inherited)",
					"@executable_path/Frameworks",
				);
				PRODUCT_BUNDLE_IDENTIFIER = "me.nilordonez.M08-UF3-Practica-BMerelo-NOrdonez";
				PRODUCT_NAME = "$(TARGET_NAME)";
				SWIFT_VERSION = 4.0;
				TARGETED_DEVICE_FAMILY = "1,2";
			};
			name = Release;
		};
/* End XCBuildConfiguration section */

/* Begin XCConfigurationList section */
		204EF81B209B597600811E4C /* Build configuration list for PBXProject "M08_UF3_Practica_BMerelo_NOrdonez" */ = {
			isa = XCConfigurationList;
			buildConfigurations = (
				204EF830209B597800811E4C /* Debug */,
				204EF831209B597800811E4C /* Release */,
			);
			defaultConfigurationIsVisible = 0;
			defaultConfigurationName = Release;
		};
		204EF832209B597800811E4C /* Build configuration list for PBXNativeTarget "M08_UF3_Practica_BMerelo_NOrdonez" */ = {
			isa = XCConfigurationList;
			buildConfigurations = (
				204EF833209B597800811E4C /* Debug */,
				204EF834209B597800811E4C /* Release */,
			);
			defaultConfigurationIsVisible = 0;
			defaultConfigurationName = Release;
		};
/* End XCConfigurationList section */
	};
	rootObject = 204EF818209B597600811E4C /* Project object */;
}
